
Microsoft Visual Studio Solution File, Format Version 12.00
# Visual Studio Version 17
VisualStudioVersion = 17.7.34024.191
MinimumVisualStudioVersion = 10.0.40219.1
Project("{FAE04EC0-301F-11D3-BF4B-00C04F79EFBC}") = "ReservasHoteles", "ReservasHoteles\ReservasHoteles.csproj", "{9035A1EF-1443-4BA7-A51D-85ADCEC1789E}"
EndProject
Global
	GlobalSection(SolutionConfigurationPlatforms) = preSolution
		Debug|Any CPU = Debug|Any CPU
		Release|Any CPU = Release|Any CPU
	EndGlobalSection
	GlobalSection(ProjectConfigurationPlatforms) = postSolution
		{9035A1EF-1443-4BA7-A51D-85ADCEC1789E}.Debug|Any CPU.ActiveCfg = Debug|Any CPU
		{9035A1EF-1443-4BA7-A51D-85ADCEC1789E}.Debug|Any CPU.Build.0 = Debug|Any CPU
		{9035A1EF-1443-4BA7-A51D-85ADCEC1789E}.Release|Any CPU.ActiveCfg = Release|Any CPU
		{9035A1EF-1443-4BA7-A51D-85ADCEC1789E}.Release|Any CPU.Build.0 = Release|Any CPU
	EndGlobalSection
	GlobalSection(SolutionProperties) = preSolution
		HideSolutionNode = FALSE
	EndGlobalSection
	GlobalSection(ExtensibilityGlobals) = postSolution
		SolutionGuid = {64A1EF7C-8ABB-4DC9-BE9A-CA2080182D4C}
	EndGlobalSection
EndGlobal
